
Microsoft Visual Studio Solution File, Format Version 12.00
# Visual Studio Version 17
VisualStudioVersion = 17.3.32819.101
MinimumVisualStudioVersion = 10.0.40219.1
Project("{FAE04EC0-301F-11D3-BF4B-00C04F79EFBC}") = "clothing_shopee_mgmt", "clothing_shopee_mgmt\clothing_shopee_mgmt.csproj", "{0E646637-B2E6-4D59-B303-00B01DDACC43}"
EndProject
Global
	GlobalSection(SolutionConfigurationPlatforms) = preSolution
		Debug|Any CPU = Debug|Any CPU
		Release|Any CPU = Release|Any CPU
	EndGlobalSection
	GlobalSection(ProjectConfigurationPlatforms) = postSolution
		{0E646637-B2E6-4D59-B303-00B01DDACC43}.Debug|Any CPU.ActiveCfg = Debug|Any CPU
		{0E646637-B2E6-4D59-B303-00B01DDACC43}.Debug|Any CPU.Build.0 = Debug|Any CPU
		{0E646637-B2E6-4D59-B303-00B01DDACC43}.Release|Any CPU.ActiveCfg = Release|Any CPU
		{0E646637-B2E6-4D59-B303-00B01DDACC43}.Release|Any CPU.Build.0 = Release|Any CPU
	EndGlobalSection
	GlobalSection(SolutionProperties) = preSolution
		HideSolutionNode = FALSE
	EndGlobalSection
	GlobalSection(ExtensibilityGlobals) = postSolution
		SolutionGuid = {E7FD8C96-3E44-414F-94D0-5800B5311996}
	EndGlobalSection
EndGlobal
